
Microsoft Visual Studio Solution File, Format Version 12.00
# Visual Studio Version 16
VisualStudioVersion = 16.0.30804.86
MinimumVisualStudioVersion = 10.0.40219.1
Project("{FAE04EC0-301F-11D3-BF4B-00C04F79EFBC}") = "FileSharing", "FileSharing\FileSharing.csproj", "{4EE0A921-6BB6-4917-BD93-CFCEF3C7047A}"
EndProject
Global
	GlobalSection(SolutionConfigurationPlatforms) = preSolution
		Debug|Any CPU = Debug|Any CPU
		Release|Any CPU = Release|Any CPU
	EndGlobalSection
	GlobalSection(ProjectConfigurationPlatforms) = postSolution
		{4EE0A921-6BB6-4917-BD93-CFCEF3C7047A}.Debug|Any CPU.ActiveCfg = Debug|Any CPU
		{4EE0A921-6BB6-4917-BD93-CFCEF3C7047A}.Debug|Any CPU.Build.0 = Debug|Any CPU
		{4EE0A921-6BB6-4917-BD93-CFCEF3C7047A}.Release|Any CPU.ActiveCfg = Release|Any CPU
		{4EE0A921-6BB6-4917-BD93-CFCEF3C7047A}.Release|Any CPU.Build.0 = Release|Any CPU
	EndGlobalSection
	GlobalSection(SolutionProperties) = preSolution
		HideSolutionNode = FALSE
	EndGlobalSection
	GlobalSection(ExtensibilityGlobals) = postSolution
		SolutionGuid = {21817924-411C-4CCD-9BDD-3AEA54435763}
	EndGlobalSection
EndGlobal
